     1|{
     2|  "name": "mrschnirschuhhub",
     3|  "version": "3.6.1",
     4|  "lockfileVersion": 3,
     5|  "requires": true,
     6|  "packages": {
     7|    "": {
     8|      "name": "mrschnirschuhhub",
     9|      "version": "3.6.1",
    10|      "dependencies": {
    11|        "@tauri-apps/api": "^2.10.1",
    12|        "@tauri-apps/cli": "^2.10.1",
    13|        "@tauri-apps/plugin-opener": "^2.5.2",
    14|        "@tauri-apps/plugin-process": "^2.3.1",
    15|        "@tauri-apps/plugin-store": "^2.4.2",
    16|        "@tauri-apps/plugin-updater": "^2.10.1",
    17|        "react": "^19.2.4",
    18|        "react-dom": "^19.2.4"
    19|      },
    20|      "devDependencies": {
    21|        "@eslint/js": "^9.39.4",
    22|        "@types/node": "^24.12.0",
    23|        "@types/react": "^19.2.14",
    24|        "@types/react-dom": "^19.2.3",
    25|        "@vitejs/plugin-react": "^6.0.1",
    26|        "eslint": "^9.39.4",
    27|        "eslint-plugin-react-hooks": "^7.0.1",
    28|        "eslint-plugin-react-refresh": "^0.5.2",
    29|        "globals": "^17.4.0",
    30|        "typescript": "~5.9.3",
    31|        "typescript-eslint": "^8.57.0",
    32|        "vite": "^8.0.8"
    33|      }
    34|    },
    35|    "node_modules/@babel/code-frame": {
    36|      "version": "7.29.0",
    37|      "dev": true,
    38|      "license": "MIT",
    39|      "dependencies": {
    40|        "@babel/helper-validator-identifier": "^7.28.5",
    41|        "js-tokens": "^4.0.0",
    42|        "picocolors": "^1.1.1"
    43|      },
    44|      "engines": {
    45|        "node": ">=6.9.0"
    46|      }
    47|    },
    48|    "node_modules/@babel/compat-data": {
    49|      "version": "7.29.0",
    50|      "dev": true,
    51|      "license": "MIT",
    52|      "engines": {
    53|        "node": ">=6.9.0"
    54|      }
    55|    },
    56|    "node_modules/@babel/core": {
    57|      "version": "7.29.0",
    58|      "dev": true,
    59|      "license": "MIT",
    60|      "peer": true,
    61|      "dependencies": {
    62|        "@babel/code-frame": "^7.29.0",
    63|        "@babel/generator": "^7.29.0",
    64|        "@babel/helper-compilation-targets": "^7.28.6",
    65|        "@babel/helper-module-transforms": "^7.28.6",
    66|        "@babel/helpers": "^7.28.6",
    67|        "@babel/parser": "^7.29.0",
    68|        "@babel/template": "^7.28.6",
    69|        "@babel/traverse": "^7.29.0",
    70|        "@babel/types": "^7.29.0",
    71|        "@jridgewell/remapping": "^2.3.5",
    72|        "convert-source-map": "^2.0.0",
    73|        "debug": "^4.1.0",
    74|        "gensync": "^1.0.0-beta.2",
    75|        "json5": "^2.2.3",
    76|        "semver": "^6.3.1"
    77|      },
    78|      "engines": {
    79|        "node": ">=6.9.0"
    80|      },
    81|      "funding": {
    82|        "type": "opencollective",
    83|        "url": "https://opencollective.com/babel"
    84|      }
    85|    },
    86|    "node_modules/@babel/generator": {
    87|      "version": "7.29.1",
    88|      "dev": true,
    89|      "license": "MIT",
    90|      "dependencies": {
    91|        "@babel/parser": "^7.29.0",
    92|        "@babel/types": "^7.29.0",
    93|        "@jridgewell/gen-mapping": "^0.3.12",
    94|        "@jridgewell/trace-mapping": "^0.3.28",
    95|        "jsesc": "^3.0.2"
    96|      },
    97|      "engines": {
    98|        "node": ">=6.9.0"
    99|      }
   100|    },
   101|    "node_modules/@babel/helper-compilation-targets": {
   102|      "version": "7.28.6",
   103|      "dev": true,
   104|      "license": "MIT",
   105|      "dependencies": {
   106|        "@babel/compat-data": "^7.28.6",
   107|        "@babel/helper-validator-option": "^7.27.1",
   108|        "browserslist": "^4.24.0",
   109|        "lru-cache": "^5.1.1",
   110|        "semver": "^6.3.1"
   111|      },
   112|      "engines": {
   113|        "node": ">=6.9.0"
   114|      }
   115|    },
   116|    "node_modules/@babel/helper-globals": {
   117|      "version": "7.28.0",
   118|      "dev": true,
   119|      "license": "MIT",
   120|      "engines": {
   121|        "node": ">=6.9.0"
   122|      }
   123|    },
   124|    "node_modules/@babel/helper-module-imports": {
   125|      "version": "7.28.6",
   126|      "dev": true,
   127|      "license": "MIT",
   128|      "dependencies": {
   129|        "@babel/traverse": "^7.28.6",
   130|        "@babel/types": "^7.28.6"
   131|      },
   132|      "engines": {
   133|        "node": ">=6.9.0"
   134|      }
   135|    },
   136|    "node_modules/@babel/helper-module-transforms": {
   137|      "version": "7.28.6",
   138|      "dev": true,
   139|      "license": "MIT",
   140|      "dependencies": {
   141|        "@babel/helper-module-imports": "^7.28.6",
   142|        "@babel/helper-validator-identifier": "^7.28.5",
   143|        "@babel/traverse": "^7.28.6"
   144|      },
   145|      "engines": {
   146|        "node": ">=6.9.0"
   147|      },
   148|      "peerDependencies": {
   149|        "@babel/core": "^7.0.0"
   150|      }
   151|    },
   152|    "node_modules/@babel/helper-string-parser": {
   153|      "version": "7.27.1",
   154|      "dev": true,
   155|      "license": "MIT",
   156|      "engines": {
   157|        "node": ">=6.9.0"
   158|      }
   159|    },
   160|    "node_modules/@babel/helper-validator-identifier": {
   161|      "version": "7.28.5",
   162|      "dev": true,
   163|      "license": "MIT",
   164|      "engines": {
   165|        "node": ">=6.9.0"
   166|      }
   167|    },
   168|    "node_modules/@babel/helper-validator-option": {
   169|      "version": "7.27.1",
   170|      "dev": true,
   171|      "license": "MIT",
   172|      "engines": {
   173|        "node": ">=6.9.0"
   174|      }
   175|    },
   176|    "node_modules/@babel/helpers": {
   177|      "version": "7.29.2",
   178|      "dev": true,
   179|      "license": "MIT",
   180|      "dependencies": {
   181|        "@babel/template": "^7.28.6",
   182|        "@babel/types": "^7.29.0"
   183|      },
   184|      "engines": {
   185|        "node": ">=6.9.0"
   186|      }
   187|    },
   188|    "node_modules/@babel/parser": {
   189|      "version": "7.29.2",
   190|      "dev": true,
   191|      "license": "MIT",
   192|      "dependencies": {
   193|        "@babel/types": "^7.29.0"
   194|      },
   195|      "bin": {
   196|        "parser": "bin/babel-parser.js"
   197|      },
   198|      "engines": {
   199|        "node": ">=6.0.0"
   200|      }
   201|    },
   202|    "node_modules/@babel/template": {
   203|      "version": "7.28.6",
   204|      "dev": true,
   205|      "license": "MIT",
   206|      "dependencies": {
   207|        "@babel/code-frame": "^7.28.6",
   208|        "@babel/parser": "^7.28.6",
   209|        "@babel/types": "^7.28.6"
   210|      },
   211|      "engines": {
   212|        "node": ">=6.9.0"
   213|      }
   214|    },
   215|    "node_modules/@babel/traverse": {
   216|      "version": "7.29.0",
   217|      "dev": true,
   218|      "license": "MIT",
   219|      "dependencies": {
   220|        "@babel/code-frame": "^7.29.0",
   221|        "@babel/generator": "^7.29.0",
   222|        "@babel/helper-globals": "^7.28.0",
   223|        "@babel/parser": "^7.29.0",
   224|        "@babel/template": "^7.28.6",
   225|        "@babel/types": "^7.29.0",
   226|        "debug": "^4.3.1"
   227|      },
   228|      "engines": {
   229|        "node": ">=6.9.0"
   230|      }
   231|    },
   232|    "node_modules/@babel/types": {
   233|      "version": "7.29.0",
   234|      "dev": true,
   235|      "license": "MIT",
   236|      "dependencies": {
   237|        "@babel/helper-string-parser": "^7.27.1",
   238|        "@babel/helper-validator-identifier": "^7.28.5"
   239|      },
   240|      "engines": {
   241|        "node": ">=6.9.0"
   242|      }
   243|    },
   244|    "node_modules/@emnapi/wasi-threads": {
   245|      "version": "1.2.1",
   246|      "dev": true,
   247|      "license": "MIT",
   248|      "optional": true,
   249|      "dependencies": {
   250|        "tslib": "^2.4.0"
   251|      }
   252|    },
   253|    "node_modules/@eslint-community/eslint-utils": {
   254|      "version": "4.9.1",
   255|      "dev": true,
   256|      "license": "MIT",
   257|      "dependencies": {
   258|        "eslint-visitor-keys": "^3.4.3"
   259|      },
   260|      "engines": {
   261|        "node": "^12.22.0 || ^14.17.0 || >=16.0.0"
   262|      },
   263|      "funding": {
   264|        "url": "https://opencollective.com/eslint"
   265|      },
   266|      "peerDependencies": {
   267|        "eslint": "^6.0.0 || ^7.0.0 || >=8.0.0"
   268|      }
   269|    },
   270|    "node_modules/@eslint-community/eslint-utils/node_modules/eslint-visitor-keys": {
   271|      "version": "3.4.3",
   272|      "dev": true,
   273|      "license": "Apache-2.0",
   274|      "engines": {
   275|        "node": "^12.22.0 || ^14.17.0 || >=16.0.0"
   276|      },
   277|      "funding": {
   278|        "url": "https://opencollective.com/eslint"
   279|      }
   280|    },
   281|    "node_modules/@eslint-community/regexpp": {
   282|      "version": "4.12.2",
   283|      "dev": true,
   284|      "license": "MIT",
   285|      "engines": {
   286|        "node": "^12.0.0 || ^14.0.0 || >=16.0.0"
   287|      }
   288|    },
   289|    "node_modules/@eslint/config-array": {
   290|      "version": "0.21.2",
   291|      "dev": true,
   292|      "license": "Apache-2.0",
   293|      "dependencies": {
   294|        "@eslint/object-schema": "^2.1.7",
   295|        "debug": "^4.3.1",
   296|        "minimatch": "^3.1.5"
   297|      },
   298|      "engines": {
   299|        "node": "^18.18.0 || ^20.9.0 || >=21.1.0"
   300|      }
   301|    },
   302|    "node_modules/@eslint/config-helpers": {
   303|      "version": "0.4.2",
   304|      "dev": true,
   305|      "license": "Apache-2.0",
   306|      "dependencies": {
   307|        "@eslint/core": "^0.17.0"
   308|      },
   309|      "engines": {
   310|        "node": "^18.18.0 || ^20.9.0 || >=21.1.0"
   311|      }
   312|    },
   313|    "node_modules/@eslint/core": {
   314|      "version": "0.17.0",
   315|      "dev": true,
   316|      "license": "Apache-2.0",
   317|      "dependencies": {
   318|        "@types/json-schema": "^7.0.15"
   319|      },
   320|      "engines": {
   321|        "node": "^18.18.0 || ^20.9.0 || >=21.1.0"
   322|      }
   323|    },
   324|    "node_modules/@eslint/eslintrc": {
   325|      "version": "3.3.5",
   326|      "dev": true,
   327|      "license": "MIT",
   328|      "dependencies": {
   329|        "ajv": "^6.14.0",
   330|        "debug": "^4.3.2",
   331|        "espree": "^10.0.1",
   332|        "globals": "^14.0.0",
   333|        "ignore": "^5.2.0",
   334|        "import-fresh": "^3.2.1",
   335|        "js-yaml": "^4.1.1",
   336|        "minimatch": "^3.1.5",
   337|        "strip-json-comments": "^3.1.1"
   338|      },
   339|      "engines": {
   340|        "node": "^18.18.0 || ^20.9.0 || >=21.1.0"
   341|      },
   342|      "funding": {
   343|        "url": "https://opencollective.com/eslint"
   344|      }
   345|    },
   346|    "node_modules/@eslint/eslintrc/node_modules/globals": {
   347|      "version": "14.0.0",
   348|      "dev": true,
   349|      "license": "MIT",
   350|      "engines": {
   351|        "node": ">=18"
   352|      },
   353|      "funding": {
   354|        "url": "https://github.com/sponsors/sindresorhus"
   355|      }
   356|    },
   357|    "node_modules/@eslint/js": {
   358|      "version": "9.39.4",
   359|      "dev": true,
   360|      "license": "MIT",
   361|      "engines": {
   362|        "node": "^18.18.0 || ^20.9.0 || >=21.1.0"
   363|      },
   364|      "funding": {
   365|        "url": "https://eslint.org/donate"
   366|      }
   367|    },
   368|    "node_modules/@eslint/object-schema": {
   369|      "version": "2.1.7",
   370|      "dev": true,
   371|      "license": "Apache-2.0",
   372|      "engines": {
   373|        "node": "^18.18.0 || ^20.9.0 || >=21.1.0"
   374|      }
   375|    },
   376|    "node_modules/@eslint/plugin-kit": {
   377|      "version": "0.4.1",
   378|      "dev": true,
   379|      "license": "Apache-2.0",
   380|      "dependencies": {
   381|        "@eslint/core": "^0.17.0",
   382|        "levn": "^0.4.1"
   383|      },
   384|      "engines": {
   385|        "node": "^18.18.0 || ^20.9.0 || >=21.1.0"
   386|      }
   387|    },
   388|    "node_modules/@humanfs/core": {
   389|      "version": "0.19.1",
   390|      "dev": true,
   391|      "license": "Apache-2.0",
   392|      "engines": {
   393|        "node": ">=18.18.0"
   394|      }
   395|    },
   396|    "node_modules/@humanfs/node": {
   397|      "version": "0.16.7",
   398|      "dev": true,
   399|      "license": "Apache-2.0",
   400|      "dependencies": {
   401|        "@humanfs/core": "^0.19.1",
   402|        "@humanwhocodes/retry": "^0.4.0"
   403|      },
   404|      "engines": {
   405|        "node": ">=18.18.0"
   406|      }
   407|    },
   408|    "node_modules/@humanwhocodes/module-importer": {
   409|      "version": "1.0.1",
   410|      "dev": true,
   411|      "license": "Apache-2.0",
   412|      "engines": {
   413|        "node": ">=12.22"
   414|      },
   415|      "funding": {
   416|        "type": "github",
   417|        "url": "https://github.com/sponsors/nzakas"
   418|      }
   419|    },
   420|    "node_modules/@humanwhocodes/retry": {
   421|      "version": "0.4.3",
   422|      "dev": true,
   423|      "license": "Apache-2.0",
   424|      "engines": {
   425|        "node": ">=18.18"
   426|      },
   427|      "funding": {
   428|        "type": "github",
   429|        "url": "https://github.com/sponsors/nzakas"
   430|      }
   431|    },
   432|    "node_modules/@jridgewell/gen-mapping": {
   433|      "version": "0.3.13",
   434|      "dev": true,
   435|      "license": "MIT",
   436|      "dependencies": {
   437|        "@jridgewell/sourcemap-codec": "^1.5.0",
   438|        "@jridgewell/trace-mapping": "^0.3.24"
   439|      }
   440|    },
   441|    "node_modules/@jridgewell/remapping": {
   442|      "version": "2.3.5",
   443|      "dev": true,
   444|      "license": "MIT",
   445|      "dependencies": {
   446|        "@jridgewell/gen-mapping": "^0.3.5",
   447|        "@jridgewell/trace-mapping": "^0.3.24"
   448|      }
   449|    },
   450|    "node_modules/@jridgewell/resolve-uri": {
   451|      "version": "3.1.2",
   452|      "dev": true,
   453|      "license": "MIT",
   454|      "engines": {
   455|        "node": ">=6.0.0"
   456|      }
   457|    },
   458|    "node_modules/@jridgewell/sourcemap-codec": {
   459|      "version": "1.5.5",
   460|      "dev": true,
   461|      "license": "MIT"
   462|    },
   463|    "node_modules/@jridgewell/trace-mapping": {
   464|      "version": "0.3.31",
   465|      "dev": true,
   466|      "license": "MIT",
   467|      "dependencies": {
   468|        "@jridgewell/resolve-uri": "^3.1.0",
   469|        "@jridgewell/sourcemap-codec": "^1.4.14"
   470|      }
   471|    },
   472|    "node_modules/@napi-rs/wasm-runtime": {
   473|      "version": "1.1.4",
   474|      "resolved": "https://registry.npmjs.org/@napi-rs/wasm-runtime/-/wasm-runtime-1.1.4.tgz",
   475|      "integrity": "sha512-3NQNNgA1YSlJb/kMH1ildASP9HW7/7kYnRI2szWJaofaS1hWmbGI4H+d3+22aGzXXN9IJ+n+GiFVcGipJP18ow==",
   476|      "dev": true,
   477|      "license": "MIT",
   478|      "optional": true,
   479|      "dependencies": {
   480|        "@tybys/wasm-util": "^0.10.1"
   481|      },
   482|      "funding": {
   483|        "type": "github",
   484|        "url": "https://github.com/sponsors/Brooooooklyn"
   485|      },
   486|      "peerDependencies": {
   487|        "@emnapi/core": "^1.7.1",
   488|        "@emnapi/runtime": "^1.7.1"
   489|      }
   490|    },
   491|    "node_modules/@oxc-project/types": {
   492|      "version": "0.124.0",
   493|      "dev": true,
   494|      "license": "MIT",
   495|      "funding": {
   496|        "url": "https://github.com/sponsors/Boshen"
   497|      }
   498|    },
   499|    "node_modules/@rolldown/binding-android-arm64": {
   500|      "version": "1.0.0-rc.15",
   501|